
Microsoft Visual Studio Solution File, Format Version 12.00
# Visual Studio Version 17
VisualStudioVersion = 17.4.33103.184
MinimumVisualStudioVersion = 10.0.40219.1
Project("{8BC9CEB8-8B4A-11D0-8D11-00A0C91BC942}") = "2023-07-22", "2023-07-22\2023-07-22.vcxproj", "{9D5FA6F8-25A9-44F6-93C8-A613D3991B08}"
EndProject
Global
	GlobalSection(SolutionConfigurationPlatforms) = preSolution
		Debug|x64 = Debug|x64
		Debug|x86 = Debug|x86
		Release|x64 = Release|x64
		Release|x86 = Release|x86
	EndGlobalSection
	GlobalSection(ProjectConfigurationPlatforms) = postSolution
		{9D5FA6F8-25A9-44F6-93C8-A613D3991B08}.Debug|x64.ActiveCfg = Debug|x64
		{9D5FA6F8-25A9-44F6-93C8-A613D3991B08}.Debug|x64.Build.0 = Debug|x64
		{9D5FA6F8-25A9-44F6-93C8-A613D3991B08}.Debug|x86.ActiveCfg = Debug|Win32
		{9D5FA6F8-25A9-44F6-93C8-A613D3991B08}.Debug|x86.Build.0 = Debug|Win32
		{9D5FA6F8-25A9-44F6-93C8-A613D3991B08}.Release|x64.ActiveCfg = Release|x64
		{9D5FA6F8-25A9-44F6-93C8-A613D3991B08}.Release|x64.Build.0 = Release|x64
		{9D5FA6F8-25A9-44F6-93C8-A613D3991B08}.Release|x86.ActiveCfg = Release|Win32
		{9D5FA6F8-25A9-44F6-93C8-A613D3991B08}.Release|x86.Build.0 = Release|Win32
	EndGlobalSection
	GlobalSection(SolutionProperties) = preSolution
		HideSolutionNode = FALSE
	EndGlobalSection
	GlobalSection(ExtensibilityGlobals) = postSolution
		SolutionGuid = {54BA9BCE-98C7-4334-951A-116544C5D158}
	EndGlobalSection
EndGlobal
